
Microsoft Visual Studio Solution File, Format Version 12.00
# Visual Studio Version 17
VisualStudioVersion = 17.10.34916.146
MinimumVisualStudioVersion = 10.0.40219.1
Project("{FAE04EC0-301F-11D3-BF4B-00C04F79EFBC}") = "JourneyGen_UI", "JourneyGen_UI.csproj", "{3E70F4C3-02E5-4897-BD6B-D6B90110ED37}"
EndProject
Project("{FAE04EC0-301F-11D3-BF4B-00C04F79EFBC}") = "Logic", "..\Logic\Logic.csproj", "{37DC3F4C-9B64-4CE5-B9FC-0FB4F80B3498}"
EndProject
Global
	GlobalSection(SolutionConfigurationPlatforms) = preSolution
		Debug|Any CPU = Debug|Any CPU
		Release|Any CPU = Release|Any CPU
	EndGlobalSection
	GlobalSection(ProjectConfigurationPlatforms) = postSolution
		{3E70F4C3-02E5-4897-BD6B-D6B90110ED37}.Debug|Any CPU.ActiveCfg = Debug|Any CPU
		{3E70F4C3-02E5-4897-BD6B-D6B90110ED37}.Debug|Any CPU.Build.0 = Debug|Any CPU
		{3E70F4C3-02E5-4897-BD6B-D6B90110ED37}.Release|Any CPU.ActiveCfg = Release|Any CPU
		{3E70F4C3-02E5-4897-BD6B-D6B90110ED37}.Release|Any CPU.Build.0 = Release|Any CPU
		{37DC3F4C-9B64-4CE5-B9FC-0FB4F80B3498}.Debug|Any CPU.ActiveCfg = Debug|Any CPU
		{37DC3F4C-9B64-4CE5-B9FC-0FB4F80B3498}.Debug|Any CPU.Build.0 = Debug|Any CPU
		{37DC3F4C-9B64-4CE5-B9FC-0FB4F80B3498}.Release|Any CPU.ActiveCfg = Release|Any CPU
		{37DC3F4C-9B64-4CE5-B9FC-0FB4F80B3498}.Release|Any CPU.Build.0 = Release|Any CPU
	EndGlobalSection
	GlobalSection(SolutionProperties) = preSolution
		HideSolutionNode = FALSE
	EndGlobalSection
	GlobalSection(ExtensibilityGlobals) = postSolution
		SolutionGuid = {9BDC4821-208A-4A59-B69C-B9F850528089}
	EndGlobalSection
EndGlobal
